
Microsoft Visual Studio Solution File, Format Version 12.00
# Visual Studio Version 17
VisualStudioVersion = 17.0.32112.339
MinimumVisualStudioVersion = 10.0.40219.1
Project("{FAE04EC0-301F-11D3-BF4B-00C04F79EFBC}") = "Login_", "Login_\Login_.csproj", "{7F204B98-F2EC-4FEF-BFA5-441B12E6FD4D}"
EndProject
Global
	GlobalSection(SolutionConfigurationPlatforms) = preSolution
		Debug|Any CPU = Debug|Any CPU
		Release|Any CPU = Release|Any CPU
	EndGlobalSection
	GlobalSection(ProjectConfigurationPlatforms) = postSolution
		{7F204B98-F2EC-4FEF-BFA5-441B12E6FD4D}.Debug|Any CPU.ActiveCfg = Debug|Any CPU
		{7F204B98-F2EC-4FEF-BFA5-441B12E6FD4D}.Debug|Any CPU.Build.0 = Debug|Any CPU
		{7F204B98-F2EC-4FEF-BFA5-441B12E6FD4D}.Release|Any CPU.ActiveCfg = Release|Any CPU
		{7F204B98-F2EC-4FEF-BFA5-441B12E6FD4D}.Release|Any CPU.Build.0 = Release|Any CPU
	EndGlobalSection
	GlobalSection(SolutionProperties) = preSolution
		HideSolutionNode = FALSE
	EndGlobalSection
	GlobalSection(ExtensibilityGlobals) = postSolution
		SolutionGuid = {CCCBC4BD-EC33-4CDD-862F-9305B99B2C26}
	EndGlobalSection
EndGlobal
